
Microsoft Visual Studio Solution File, Format Version 12.00
# Visual Studio Version 16
VisualStudioVersion = 16.0.30011.22
MinimumVisualStudioVersion = 10.0.40219.1
Project("{FAE04EC0-301F-11D3-BF4B-00C04F79EFBC}") = "NetTask8", "NetTask8.csproj", "{1560F419-BB04-42A3-B0CA-9770E611F658}"
EndProject
Global
	GlobalSection(SolutionConfigurationPlatforms) = preSolution
		Debug|Any CPU = Debug|Any CPU
		Release|Any CPU = Release|Any CPU
	EndGlobalSection
	GlobalSection(ProjectConfigurationPlatforms) = postSolution
		{1560F419-BB04-42A3-B0CA-9770E611F658}.Debug|Any CPU.ActiveCfg = Debug|Any CPU
		{1560F419-BB04-42A3-B0CA-9770E611F658}.Debug|Any CPU.Build.0 = Debug|Any CPU
		{1560F419-BB04-42A3-B0CA-9770E611F658}.Release|Any CPU.ActiveCfg = Release|Any CPU
		{1560F419-BB04-42A3-B0CA-9770E611F658}.Release|Any CPU.Build.0 = Release|Any CPU
	EndGlobalSection
	GlobalSection(SolutionProperties) = preSolution
		HideSolutionNode = FALSE
	EndGlobalSection
	GlobalSection(ExtensibilityGlobals) = postSolution
		SolutionGuid = {03041CEB-8C71-408F-BC9E-2A1FBA6B53B2}
	EndGlobalSection
EndGlobal
